// !$*UTF8*$!
{
	archiveVersion = 1;
	classes = {
	};
	objectVersion = 46;
	objects = {

/* Begin PBXBuildFile section */
		58B9C84E1AA80ED500B28BC0 /* AppDelegate.swift in Sources */ = {isa = PBXBuildFile; fileRef = 58B9C84D1AA80ED500B28BC0 /* AppDelegate.swift */; };
		58B9C8501AA80ED500B28BC0 /* ViewController.swift in Sources */ = {isa = PBXBuildFile; fileRef = 58B9C84F1AA80ED500B28BC0 /* ViewController.swift */; };
		58B9C8531AA80ED500B28BC0 /* Main.storyboard in Resources */ = {isa = PBXBuildFile; fileRef = 58B9C8511AA80ED500B28BC0 /* Main.storyboard */; };
		58B9C8551AA80ED500B28BC0 /* Images.xcassets in Resources */ = {isa = PBXBuildFile; fileRef = 58B9C8541AA80ED500B28BC0 /* Images.xcassets */; };
		58B9C8581AA80ED500B28BC0 /* LaunchScreen.xib in Resources */ = {isa = PBXBuildFile; fileRef = 58B9C8561AA80ED500B28BC0 /* LaunchScreen.xib */; };
		58B9C8641AA80ED500B28BC0 /* InstaTreatTests.swift in Sources */ = {isa = PBXBuildFile; fileRef = 58B9C8631AA80ED500B28BC0 /* InstaTreatTests.swift */; };
		58B9C86E1AA80EED00B28BC0 /* DataSchema.swift in Sources */ = {isa = PBXBuildFile; fileRef = 58B9C86D1AA80EED00B28BC0 /* DataSchema.swift */; };
		9521B2CD1AAE02910076ECB8 /* BakerPostViewController.swift in Sources */ = {isa = PBXBuildFile; fileRef = 9521B2CC1AAE02910076ECB8 /* BakerPostViewController.swift */; };
/* End PBXBuildFile section */

/* Begin PBXContainerItemProxy section */
		58B9C85E1AA80ED500B28BC0 /* PBXContainerItemProxy */ = {
			isa = PBXContainerItemProxy;
			containerPortal = 58B9C8401AA80ED400B28BC0 /* Project object */;
			proxyType = 1;
			remoteGlobalIDString = 58B9C8471AA80ED500B28BC0;
			remoteInfo = InstaTreat;
		};
/* End PBXContainerItemProxy section */

/* Begin PBXFileReference section */
		58B9C8481AA80ED500B28BC0 /* InstaTreat.app */ = {isa = PBXFileReference; explicitFileType = wrapper.application; includeInIndex = 0; path = InstaTreat.app; sourceTree = BUILT_PRODUCTS_DIR; };
		58B9C84C1AA80ED500B28BC0 /* Info.plist */ = {isa = PBXFileReference; lastKnownFileType = text.plist.xml; path = Info.plist; sourceTree = "<group>"; };
		58B9C84D1AA80ED500B28BC0 /* AppDelegate.swift */ = {isa = PBXFileReference; lastKnownFileType = sourcecode.swift; path = AppDelegate.swift; sourceTree = "<group>"; };
		58B9C84F1AA80ED500B28BC0 /* ViewController.swift */ = {isa = PBXFileReference; lastKnownFileType = sourcecode.swift; path = ViewController.swift; sourceTree = "<group>"; };
		58B9C8521AA80ED500B28BC0 /* Base */ = {isa = PBXFileReference; lastKnownFileType = file.storyboard; name = Base; path = Base.lproj/Main.storyboard; sourceTree = "<group>"; };
		58B9C8541AA80ED500B28BC0 /* Images.xcassets */ = {isa = PBXFileReference; lastKnownFileType = folder.assetcatalog; path = Images.xcassets; sourceTree = "<group>"; };
		58B9C8571AA80ED500B28BC0 /* Base */ = {isa = PBXFileReference; lastKnownFileType = file.xib; name = Base; path = Base.lproj/LaunchScreen.xib; sourceTree = "<group>"; };
		58B9C85D1AA80ED500B28BC0 /* InstaTreatTests.xctest */ = {isa = PBXFileReference; explicitFileType = wrapper.cfbundle; includeInIndex = 0; path = InstaTreatTests.xctest; sourceTree = BUILT_PRODUCTS_DIR; };
		58B9C8621AA80ED500B28BC0 /* Info.plist */ = {isa = PBXFileReference; lastKnownFileType = text.plist.xml; path = Info.plist; sourceTree = "<group>"; };
		58B9C8631AA80ED500B28BC0 /* InstaTreatTests.swift */ = {isa = PBXFileReference; lastKnownFileType = sourcecode.swift; path = InstaTreatTests.swift; sourceTree = "<group>"; };
		58B9C86D1AA80EED00B28BC0 /* DataSchema.swift */ = {isa = PBXFileReference; fileEncoding = 4; lastKnownFileType = sourcecode.swift; path = DataSchema.swift; sourceTree = "<group>"; };
		9521B2CC1AAE02910076ECB8 /* BakerPostViewController.swift */ = {isa = PBXFileReference; fileEncoding = 4; lastKnownFileType = sourcecode.swift; name = BakerPostViewController.swift; path = ../BakerPostViewController.swift; sourceTree = "<group>"; };
/* End PBXFileReference section */

/* Begin PBXFrameworksBuildPhase section */
		58B9C8451AA80ED500B28BC0 /* Frameworks */ = {
			isa = PBXFrameworksBuildPhase;
			buildActionMask = 2147483647;
			files = (
			);
			runOnlyForDeploymentPostprocessing = 0;
		};
		58B9C85A1AA80ED500B28BC0 /* Frameworks */ = {
			isa = PBXFrameworksBuildPhase;
			buildActionMask = 2147483647;
			files = (
			);
			runOnlyForDeploymentPostprocessing = 0;
		};
/* End PBXFrameworksBuildPhase section */

/* Begin PBXGroup section */
		58B9C83F1AA80ED400B28BC0 = {
			isa = PBXGroup;
			children = (
				58B9C84A1AA80ED500B28BC0 /* InstaTreat */,
				58B9C8601AA80ED500B28BC0 /* InstaTreatTests */,
				58B9C8491AA80ED500B28BC0 /* Products */,
			);
			sourceTree = "<group>";
		};
		58B9C8491AA80ED500B28BC0 /* Products */ = {
			isa = PBXGroup;
			children = (
				58B9C8481AA80ED500B28BC0 /* InstaTreat.app */,
				58B9C85D1AA80ED500B28BC0 /* InstaTreatTests.xctest */,
			);
			name = Products;
			sourceTree = "<group>";
		};
		58B9C84A1AA80ED500B28BC0 /* InstaTreat */ = {
			isa = PBXGroup;
			children = (
				58B9C84D1AA80ED500B28BC0 /* AppDelegate.swift */,
				58B9C84F1AA80ED500B28BC0 /* ViewController.swift */,
				9521B2CC1AAE02910076ECB8 /* BakerPostViewController.swift */,
				58B9C8511AA80ED500B28BC0 /* Main.storyboard */,
				58B9C8541AA80ED500B28BC0 /* Images.xcassets */,
				58B9C8561AA80ED500B28BC0 /* LaunchScreen.xib */,
				58B9C84B1AA80ED500B28BC0 /* Supporting Files */,
				58B9C86D1AA80EED00B28BC0 /* DataSchema.swift */,
			);
			path = InstaTreat;
			sourceTree = "<group>";
		};
		58B9C84B1AA80ED500B28BC0 /* Supporting Files */ = {
			isa = PBXGroup;
			children = (
				58B9C84C1AA80ED500B28BC0 /* Info.plist */,
			);
			name = "Supporting Files";
			sourceTree = "<group>";
		};
		58B9C8601AA80ED500B28BC0 /* InstaTreatTests */ = {
			isa = PBXGroup;
			children = (
				58B9C8631AA80ED500B28BC0 /* InstaTreatTests.swift */,
				58B9C8611AA80ED500B28BC0 /* Supporting Files */,
			);
			path = InstaTreatTests;
			sourceTree = "<group>";
		};
		58B9C8611AA80ED500B28BC0 /* Supporting Files */ = {
			isa = PBXGroup;
			children = (
				58B9C8621AA80ED500B28BC0 /* Info.plist */,
			);
			name = "Supporting Files";
			sourceTree = "<group>";
		};
/* End PBXGroup section */

/* Begin PBXNativeTarget section */
		58B9C8471AA80ED500B28BC0 /* InstaTreat */ = {
			isa = PBXNativeTarget;
			buildConfigurationList = 58B9C8671AA80ED500B28BC0 /* Build configuration list for PBXNativeTarget "InstaTreat" */;
			buildPhases = (
				58B9C8441AA80ED500B28BC0 /* Sources */,
				58B9C8451AA80ED500B28BC0 /* Frameworks */,
				58B9C8461AA80ED500B28BC0 /* Resources */,
			);
			buildRules = (
			);
			dependencies = (
			);
			name = InstaTreat;
			productName = InstaTreat;
			productReference = 58B9C8481AA80ED500B28BC0 /* InstaTreat.app */;
			productType = "com.apple.product-type.application";
		};
		58B9C85C1AA80ED500B28BC0 /* InstaTreatTests */ = {
			isa = PBXNativeTarget;
			buildConfigurationList = 58B9C86A1AA80ED500B28BC0 /* Build configuration list for PBXNativeTarget "InstaTreatTests" */;
			buildPhases = (
				58B9C8591AA80ED500B28BC0 /* Sources */,
				58B9C85A1AA80ED500B28BC0 /* Frameworks */,
				58B9C85B1AA80ED500B28BC0 /* Resources */,
			);
			buildRules = (
			);
			dependencies = (
				58B9C85F1AA80ED500B28BC0 /* PBXTargetDependency */,
			);
			name = InstaTreatTests;
			productName = InstaTreatTests;
			productReference = 58B9C85D1AA80ED500B28BC0 /* InstaTreatTests.xctest */;
			productType = "com.apple.product-type.bundle.unit-test";
		};
/* End PBXNativeTarget section */

/* Begin PBXProject section */
		58B9C8401AA80ED400B28BC0 /* Project object */ = {
			isa = PBXProject;
			attributes = {
				LastUpgradeCheck = 0630;
				ORGANIZATIONNAME = "Adam Crabtree";
				TargetAttributes = {
					58B9C8471AA80ED500B28BC0 = {
						CreatedOnToolsVersion = 6.3;
					};
					58B9C85C1AA80ED500B28BC0 = {
						CreatedOnToolsVersion = 6.3;
						TestTargetID = 58B9C8471AA80ED500B28BC0;
					};
				};
			};
			buildConfigurationList = 58B9C8431AA80ED400B28BC0 /* Build configuration list for PBXProject "InstaTreat" */;
			compatibilityVersion = "Xcode 3.2";
			developmentRegion = English;
			hasScannedForEncodings = 0;
			knownRegions = (
				en,
				Base,
			);
			mainGroup = 58B9C83F1AA80ED400B28BC0;
			productRefGroup = 58B9C8491AA80ED500B28BC0 /* Products */;
			projectDirPath = "";
			projectRoot = "";
			targets = (
				58B9C8471AA80ED500B28BC0 /* InstaTreat */,
				58B9C85C1AA80ED500B28BC0 /* InstaTreatTests */,
			);
		};
/* End PBXProject section */

/* Begin PBXResourcesBuildPhase section */
		58B9C8461AA80ED500B28BC0 /* Resources */ = {
			isa = PBXResourcesBuildPhase;
			buildActionMask = 2147483647;
			files = (
				58B9C8531AA80ED500B28BC0 /* Main.storyboard in Resources */,
				58B9C8581AA80ED500B28BC0 /* LaunchScreen.xib in Resources */,
				58B9C8551AA80ED500B28BC0 /* Images.xcassets in Resources */,
			);
			runOnlyForDeploymentPostprocessing = 0;
		};
		58B9C85B1AA80ED500B28BC0 /* Resources */ = {
			isa = PBXResourcesBuildPhase;
			buildActionMask = 2147483647;
			files = (
			);
			runOnlyForDeploymentPostprocessing = 0;
		};
/* End PBXResourcesBuildPhase section */

/* Begin PBXSourcesBuildPhase section */
		58B9C8441AA80ED500B28BC0 /* Sources */ = {
			isa = PBXSourcesBuildPhase;
			buildActionMask = 2147483647;
			files = (
				58B9C8501AA80ED500B28BC0 /* ViewController.swift in Sources */,
				58B9C84E1AA80ED500B28BC0 /* AppDelegate.swift in Sources */,
				9521B2CD1AAE02910076ECB8 /* BakerPostViewController.swift in Sources */,
				58B9C86E1AA80EED00B28BC0 /* DataSchema.swift in Sources */,
			);
			runOnlyForDeploymentPostprocessing = 0;
		};
		58B9C8591AA80ED500B28BC0 /* Sources */ = {
			isa = PBXSourcesBuildPhase;
			buildActionMask = 2147483647;
			files = (
				58B9C8641AA80ED500B28BC0 /* InstaTreatTests.swift in Sources */,
			);
			runOnlyForDeploymentPostprocessing = 0;
		};
/* End PBXSourcesBuildPhase section */

/* Begin PBXTargetDependency section */
		58B9C85F1AA80ED500B28BC0 /* PBXTargetDependency */ = {
			isa = PBXTargetDependency;
			target = 58B9C8471AA80ED500B28BC0 /* InstaTreat */;
			targetProxy = 58B9C85E1AA80ED500B28BC0 /* PBXContainerItemProxy */;
		};
/* End PBXTargetDependency section */

/* Begin PBXVariantGroup section */
		58B9C8511AA80ED500B28BC0 /* Main.storyboard */ = {
			isa = PBXVariantGroup;
			children = (
				58B9C8521AA80ED500B28BC0 /* Base */,
			);
			name = Main.storyboard;
			sourceTree = "<group>";
		};
		58B9C8561AA80ED500B28BC0 /* LaunchScreen.xib */ = {
			isa = PBXVariantGroup;
			children = (
				58B9C8571AA80ED500B28BC0 /* Base */,
			);
			name = LaunchScreen.xib;
			sourceTree = "<group>";
		};
/* End PBXVariantGroup section */

/* Begin XCBuildConfiguration section */
		58B9C8651AA80ED500B28BC0 /* Debug */ = {
			isa = XCBuildConfiguration;
			buildSettings = {
				ALWAYS_SEARCH_USER_PATHS = NO;
				CLANG_CXX_LANGUAGE_STANDARD = "gnu++0x";
				CLANG_CXX_LIBRARY = "libc++";
				CLANG_ENABLE_MODULES = YES;
				CLANG_ENABLE_OBJC_ARC = YES;
				CLANG_WARN_BOOL_CONVERSION = YES;
				CLANG_WARN_CONSTANT_CONVERSION = YES;
				CLANG_WARN_DIRECT_OBJC_ISA_USAGE = YES_ERROR;
				CLANG_WARN_EMPTY_BODY = YES;
				CLANG_WARN_ENUM_CONVERSION = YES;
				CLANG_WARN_INT_CONVERSION = YES;
				CLANG_WARN_OBJC_ROOT_CLASS = YES_ERROR;
				CLANG_WARN_UNREACHABLE_CODE = YES;
				CLANG_WARN__DUPLICATE_METHOD_MATCH = YES;
				"CODE_SIGN_IDENTITY[sdk=iphoneos*]" = "iPhone Developer";
				COPY_PHASE_STRIP = NO;
				DEBUG_INFORMATION_FORMAT = dwarf;
				ENABLE_STRICT_OBJC_MSGSEND = YES;
				GCC_C_LANGUAGE_STANDARD = gnu99;
				GCC_DYNAMIC_NO_PIC = NO;
				GCC_OPTIMIZATION_LEVEL = 0;
				GCC_PREPROCESSOR_DEFINITIONS = (
					"DEBUG=1",
					"$(inherited)",
				);
				GCC_SYMBOLS_PRIVATE_EXTERN = NO;
				GCC_WARN_64_TO_32_BIT_CONVERSION = YES;
				GCC_WARN_ABOUT_RETURN_TYPE = YES_ERROR;
				GCC_WARN_UNDECLARED_SELECTOR = YES;
				GCC_WARN_UNINITIALIZED_AUTOS = YES_AGGRESSIVE;
				GCC_WARN_UNUSED_FUNCTION = YES;
				GCC_WARN_UNUSED_VARIABLE = YES;
				IPHONEOS_DEPLOYMENT_TARGET = 8.3;
				MTL_ENABLE_DEBUG_INFO = YES;
				ONLY_ACTIVE_ARCH = YES;
				SDKROOT = iphoneos;
				SWIFT_OPTIMIZATION_LEVEL = "-Onone";
			};
			name = Debug;
		};
		58B9C8661AA80ED500B28BC0 /* Release */ = {
			isa = XCBuildConfiguration;
			buildSettings = {
				ALWAYS_SEARCH_USER_PATHS = NO;
				CLANG_CXX_LANGUAGE_STANDARD = "gnu++0x";
				CLANG_CXX_LIBRARY = "libc++";
				CLANG_ENABLE_MODULES = YES;
				CLANG_ENABLE_OBJC_ARC = YES;
				CLANG_WARN_BOOL_CONVERSION = YES;
				CLANG_WARN_CONSTANT_CONVERSION = YES;
				CLANG_WARN_DIRECT_OBJC_ISA_USAGE = YES_ERROR;
				CLANG_WARN_EMPTY_BODY = YES;
				CLANG_WARN_ENUM_CONVERSION = YES;
				CLANG_WARN_INT_CONVERSION = YES;
				CLANG_WARN_OBJC_ROOT_CLASS = YES_ERROR;
				CLANG_WARN_UNREACHABLE_CODE = YES;
				CLANG_WARN__DUPLICATE_METHOD_MATCH = YES;
				"CODE_SIGN_IDENTITY[sdk=iphoneos*]" = "iPhone Developer";
				COPY_PHASE_STRIP = NO;
				DEBUG_INFORMATION_FORMAT = "dwarf-with-dsym";
				ENABLE_NS_ASSERTIONS = NO;
				ENABLE_STRICT_OBJC_MSGSEND = YES;
				GCC_C_LANGUAGE_STANDARD = gnu99;
				GCC_WARN_64_TO_32_BIT_CONVERSION = YES;
				GCC_WARN_ABOUT_RETURN_TYPE = YES_ERROR;
				GCC_WARN_UNDECLARED_SELECTOR = YES;
				GCC_WARN_UNINITIALIZED_AUTOS = YES_AGGRESSIVE;
				GCC_WARN_UNUSED_FUNCTION = YES;
				GCC_WARN_UNUSED_VARIABLE = YES;
				IPHONEOS_DEPLOYMENT_TARGET = 8.3;
				MTL_ENABLE_DEBUG_INFO = NO;
				SDKROOT = iphoneos;
				VALIDATE_PRODUCT = YES;
			};
			name = Release;
		};
		58B9C8681AA80ED500B28BC0 /* Debug */ = {
			isa = XCBuildConfiguration;
			buildSettings = {
				ASSETCATALOG_COMPILER_APPICON_NAME = AppIcon;
				INFOPLIST_FILE = InstaTreat/Info.plist;
				LD_RUNPATH_SEARCH_PATHS = "$(inherited) @executable_path/Frameworks";
				PRODUCT_NAME = "$(TARGET_NAME)";
			};
			name = Debug;
		};
		58B9C8691AA80ED500B28BC0 /* Release */ = {
			isa = XCBuildConfiguration;
			buildSettings = {
				ASSETCATALOG_COMPILER_APPICON_NAME = AppIcon;
				INFOPLIST_FILE = InstaTreat/Info.plist;
				LD_RUNPATH_SEARCH_PATHS = "$(inherited) @executable_path/Frameworks";
				PRODUCT_NAME = "$(TARGET_NAME)";
			};
			name = Release;
		};
		58B9C86B1AA80ED500B28BC0 /* Debug */ = {
			isa = XCBuildConfiguration;
			buildSettings = {
				BUNDLE_LOADER = "$(TEST_HOST)";
				FRAMEWORK_SEARCH_PATHS = (
					"$(SDKROOT)/Developer/Library/Frameworks",
					"$(inherited)",
				);
				GCC_PREPROCESSOR_DEFINITIONS = (
					"DEBUG=1",
					"$(inherited)",
				);
				INFOPLIST_FILE = InstaTreatTests/Info.plist;
				LD_RUNPATH_SEARCH_PATHS = "$(inherited) @executable_path/Frameworks @loader_path/Frameworks";
				PRODUCT_NAME = "$(TARGET_NAME)";
				TEST_HOST = "$(BUILT_PRODUCTS_DIR)/InstaTreat.app/InstaTreat";
			};
			name = Debug;
		};
		58B9C86C1AA80ED500B28BC0 /* Release */ = {
			isa = XCBuildConfiguration;
			buildSettings = {
				BUNDLE_LOADER = "$(TEST_HOST)";
				FRAMEWORK_SEARCH_PATHS = (
					"$(SDKROOT)/Developer/Library/Frameworks",
					"$(inherited)",
				);
				INFOPLIST_FILE = InstaTreatTests/Info.plist;
				LD_RUNPATH_SEARCH_PATHS = "$(inherited) @executable_path/Frameworks @loader_path/Frameworks";
				PRODUCT_NAME = "$(TARGET_NAME)";
				TEST_HOST = "$(BUILT_PRODUCTS_DIR)/InstaTreat.app/InstaTreat";
			};
			name = Release;
		};
/* End XCBuildConfiguration section */

/* Begin XCConfigurationList section */
		58B9C8431AA80ED400B28BC0 /* Build configuration list for PBXProject "InstaTreat" */ = {
			isa = XCConfigurationList;
			buildConfigurations = (
				58B9C8651AA80ED500B28BC0 /* Debug */,
				58B9C8661AA80ED500B28BC0 /* Release */,
			);
			defaultConfigurationIsVisible = 0;
			defaultConfigurationName = Release;
		};
		58B9C8671AA80ED500B28BC0 /* Build configuration list for PBXNativeTarget "InstaTreat" */ = {
			isa = XCConfigurationList;
			buildConfigurations = (
				58B9C8681AA80ED500B28BC0 /* Debug */,
				58B9C8691AA80ED500B28BC0 /* Release */,
			);
			defaultConfigurationIsVisible = 0;
			defaultConfigurationName = Release;
		};
		58B9C86A1AA80ED500B28BC0 /* Build configuration list for PBXNativeTarget "InstaTreatTests" */ = {
			isa = XCConfigurationList;
			buildConfigurations = (
				58B9C86B1AA80ED500B28BC0 /* Debug */,
				58B9C86C1AA80ED500B28BC0 /* Release */,
			);
			defaultConfigurationIsVisible = 0;
			defaultConfigurationName = Release;
		};
/* End XCConfigurationList section */
	};
	rootObject = 58B9C8401AA80ED400B28BC0 /* Project object */;
}
